// !$*UTF8*$!
{
	archiveVersion = 1;
	classes = {
	};
	objectVersion = 52;
	objects = {

/* Begin PBXBuildFile section */
		8E26FC3D24F6AA5200AA9D0C /* MenuView.swift in Sources */ = {isa = PBXBuildFile; fileRef = 8E26FC3C24F6AA5200AA9D0C /* MenuView.swift */; };
		8E2E594E24F53E3C000F1A88 /* AppDelegate.swift in Sources */ = {isa = PBXBuildFile; fileRef = 8E2E594D24F53E3C000F1A88 /* AppDelegate.swift */; };
		8E2E595024F53E3C000F1A88 /* SceneDelegate.swift in Sources */ = {isa = PBXBuildFile; fileRef = 8E2E594F24F53E3C000F1A88 /* SceneDelegate.swift */; };
		8E2E595224F53E3C000F1A88 /* ContentView.swift in Sources */ = {isa = PBXBuildFile; fileRef = 8E2E595124F53E3C000F1A88 /* ContentView.swift */; };
		8E2E595424F53E3D000F1A88 /* Assets.xcassets in Resources */ = {isa = PBXBuildFile; fileRef = 8E2E595324F53E3D000F1A88 /* Assets.xcassets */; };
		8E2E595724F53E3D000F1A88 /* Preview Assets.xcassets in Resources */ = {isa = PBXBuildFile; fileRef = 8E2E595624F53E3D000F1A88 /* Preview Assets.xcassets */; };
		8E2E595A24F53E3D000F1A88 /* LaunchScreen.storyboard in Resources */ = {isa = PBXBuildFile; fileRef = 8E2E595824F53E3D000F1A88 /* LaunchScreen.storyboard */; };
		8E448FEA24FA3D0F0099655C /* UpdateList.swift in Sources */ = {isa = PBXBuildFile; fileRef = 8E448FE924FA3D0F0099655C /* UpdateList.swift */; };
		8E448FEC24FA4D920099655C /* UpdateDetail.swift in Sources */ = {isa = PBXBuildFile; fileRef = 8E448FEB24FA4D920099655C /* UpdateDetail.swift */; };
		8E448FEE24FA550F0099655C /* UpdateStore.swift in Sources */ = {isa = PBXBuildFile; fileRef = 8E448FED24FA550F0099655C /* UpdateStore.swift */; };
		8E448FF024FA5D370099655C /* TabBar.swift in Sources */ = {isa = PBXBuildFile; fileRef = 8E448FEF24FA5D370099655C /* TabBar.swift */; };
		8E448FF224FA90740099655C /* RingView.swift in Sources */ = {isa = PBXBuildFile; fileRef = 8E448FF124FA90740099655C /* RingView.swift */; };
		8E448FF424FAA3880099655C /* Modifiers.swift in Sources */ = {isa = PBXBuildFile; fileRef = 8E448FF324FAA3880099655C /* Modifiers.swift */; };
		8E44900D24FAA83A0099655C /* WorkSans-VariableFont_wght.ttf in Resources */ = {isa = PBXBuildFile; fileRef = 8E448FF624FAA83A0099655C /* WorkSans-VariableFont_wght.ttf */; };
		8E44900E24FAA83A0099655C /* WorkSans-Regular.ttf in Resources */ = {isa = PBXBuildFile; fileRef = 8E448FF824FAA83A0099655C /* WorkSans-Regular.ttf */; };
		8E44900F24FAA83A0099655C /* WorkSans-Light.ttf in Resources */ = {isa = PBXBuildFile; fileRef = 8E448FF924FAA83A0099655C /* WorkSans-Light.ttf */; };
		8E44901024FAA83A0099655C /* WorkSans-ExtraBold.ttf in Resources */ = {isa = PBXBuildFile; fileRef = 8E448FFA24FAA83A0099655C /* WorkSans-ExtraBold.ttf */; };
		8E44901124FAA83A0099655C /* WorkSans-SemiBoldItalic.ttf in Resources */ = {isa = PBXBuildFile; fileRef = 8E448FFB24FAA83A0099655C /* WorkSans-SemiBoldItalic.ttf */; };
		8E44901224FAA83A0099655C /* WorkSans-MediumItalic.ttf in Resources */ = {isa = PBXBuildFile; fileRef = 8E448FFC24FAA83A0099655C /* WorkSans-MediumItalic.ttf */; };
		8E44901324FAA83A0099655C /* WorkSans-BoldItalic.ttf in Resources */ = {isa = PBXBuildFile; fileRef = 8E448FFD24FAA83A0099655C /* WorkSans-BoldItalic.ttf */; };
		8E44901424FAA83A0099655C /* WorkSans-ExtraLight.ttf in Resources */ = {isa = PBXBuildFile; fileRef = 8E448FFE24FAA83A0099655C /* WorkSans-ExtraLight.ttf */; };
		8E44901524FAA83A0099655C /* WorkSans-ThinItalic.ttf in Resources */ = {isa = PBXBuildFile; fileRef = 8E448FFF24FAA83A0099655C /* WorkSans-ThinItalic.ttf */; };
		8E44901624FAA83A0099655C /* WorkSans-ExtraLightItalic.ttf in Resources */ = {isa = PBXBuildFile; fileRef = 8E44900024FAA83A0099655C /* WorkSans-ExtraLightItalic.ttf */; };
		8E44901724FAA83A0099655C /* WorkSans-Medium.ttf in Resources */ = {isa = PBXBuildFile; fileRef = 8E44900124FAA83A0099655C /* WorkSans-Medium.ttf */; };
		8E44901824FAA83A0099655C /* WorkSans-SemiBold.ttf in Resources */ = {isa = PBXBuildFile; fileRef = 8E44900224FAA83A0099655C /* WorkSans-SemiBold.ttf */; };
		8E44901924FAA83A0099655C /* WorkSans-Italic.ttf in Resources */ = {isa = PBXBuildFile; fileRef = 8E44900324FAA83A0099655C /* WorkSans-Italic.ttf */; };
		8E44901A24FAA83A0099655C /* WorkSans-BlackItalic.ttf in Resources */ = {isa = PBXBuildFile; fileRef = 8E44900424FAA83A0099655C /* WorkSans-BlackItalic.ttf */; };
		8E44901B24FAA83A0099655C /* WorkSans-Thin.ttf in Resources */ = {isa = PBXBuildFile; fileRef = 8E44900524FAA83A0099655C /* WorkSans-Thin.ttf */; };
		8E44901C24FAA83A0099655C /* WorkSans-Black.ttf in Resources */ = {isa = PBXBuildFile; fileRef = 8E44900624FAA83A0099655C /* WorkSans-Black.ttf */; };
		8E44901D24FAA83A0099655C /* WorkSans-LightItalic.ttf in Resources */ = {isa = PBXBuildFile; fileRef = 8E44900724FAA83A0099655C /* WorkSans-LightItalic.ttf */; };
		8E44901E24FAA83A0099655C /* WorkSans-ExtraBoldItalic.ttf in Resources */ = {isa = PBXBuildFile; fileRef = 8E44900824FAA83A0099655C /* WorkSans-ExtraBoldItalic.ttf */; };
		8E44901F24FAA83A0099655C /* WorkSans-Bold.ttf in Resources */ = {isa = PBXBuildFile; fileRef = 8E44900924FAA83A0099655C /* WorkSans-Bold.ttf */; };
		8E44902024FAA83A0099655C /* WorkSans-Italic-VariableFont_wght.ttf in Resources */ = {isa = PBXBuildFile; fileRef = 8E44900A24FAA83A0099655C /* WorkSans-Italic-VariableFont_wght.ttf */; };
		8E44902124FAA83A0099655C /* OFL.txt in Resources */ = {isa = PBXBuildFile; fileRef = 8E44900B24FAA83A0099655C /* OFL.txt */; };
		8E44902224FAA83A0099655C /* README.txt in Resources */ = {isa = PBXBuildFile; fileRef = 8E44900C24FAA83A0099655C /* README.txt */; };
		8E44902424FB6C060099655C /* CourseList.swift in Sources */ = {isa = PBXBuildFile; fileRef = 8E44902324FB6C060099655C /* CourseList.swift */; };
		8E44902624FB97EB0099655C /* CourseDetail.swift in Sources */ = {isa = PBXBuildFile; fileRef = 8E44902524FB97EB0099655C /* CourseDetail.swift */; };
		8E44902824FB9C250099655C /* Data.swift in Sources */ = {isa = PBXBuildFile; fileRef = 8E44902724FB9C250099655C /* Data.swift */; };
		8E44902A24FB9EC60099655C /* PostList.swift in Sources */ = {isa = PBXBuildFile; fileRef = 8E44902924FB9EC60099655C /* PostList.swift */; };
		8E44902C24FBA3FA0099655C /* DataStore.swift in Sources */ = {isa = PBXBuildFile; fileRef = 8E44902B24FBA3FA0099655C /* DataStore.swift */; };
		8E44902F24FBAC270099655C /* Contentful in Frameworks */ = {isa = PBXBuildFile; productRef = 8E44902E24FBAC270099655C /* Contentful */; };
		8E44903124FBBC7E0099655C /* CourseStore.swift in Sources */ = {isa = PBXBuildFile; fileRef = 8E44903024FBBC7E0099655C /* CourseStore.swift */; };
		8E44903324FBD24E0099655C /* BlurView.swift in Sources */ = {isa = PBXBuildFile; fileRef = 8E44903224FBD24E0099655C /* BlurView.swift */; };
		8EF1604C24F7EA29004D48D4 /* Home.swift in Sources */ = {isa = PBXBuildFile; fileRef = 8EF1604B24F7EA29004D48D4 /* Home.swift */; };
		8EF1604E24F7FCB3004D48D4 /* HomeView.swift in Sources */ = {isa = PBXBuildFile; fileRef = 8EF1604D24F7FCB3004D48D4 /* HomeView.swift */; };
/* End PBXBuildFile section */

/* Begin PBXFileReference section */
		8E26FC3C24F6AA5200AA9D0C /* MenuView.swift */ = {isa = PBXFileReference; lastKnownFileType = sourcecode.swift; path = MenuView.swift; sourceTree = "<group>"; };
		8E2E594A24F53E3C000F1A88 /* DesignCode.app */ = {isa = PBXFileReference; explicitFileType = wrapper.application; includeInIndex = 0; path = DesignCode.app; sourceTree = BUILT_PRODUCTS_DIR; };
		8E2E594D24F53E3C000F1A88 /* AppDelegate.swift */ = {isa = PBXFileReference; lastKnownFileType = sourcecode.swift; path = AppDelegate.swift; sourceTree = "<group>"; };
		8E2E594F24F53E3C000F1A88 /* SceneDelegate.swift */ = {isa = PBXFileReference; lastKnownFileType = sourcecode.swift; path = SceneDelegate.swift; sourceTree = "<group>"; };
		8E2E595124F53E3C000F1A88 /* ContentView.swift */ = {isa = PBXFileReference; lastKnownFileType = sourcecode.swift; path = ContentView.swift; sourceTree = "<group>"; };
		8E2E595324F53E3D000F1A88 /* Assets.xcassets */ = {isa = PBXFileReference; lastKnownFileType = folder.assetcatalog; path = Assets.xcassets; sourceTree = "<group>"; };
		8E2E595624F53E3D000F1A88 /* Preview Assets.xcassets */ = {isa = PBXFileReference; lastKnownFileType = folder.assetcatalog; path = "Preview Assets.xcassets"; sourceTree = "<group>"; };
		8E2E595924F53E3D000F1A88 /* Base */ = {isa = PBXFileReference; lastKnownFileType = file.storyboard; name = Base; path = Base.lproj/LaunchScreen.storyboard; sourceTree = "<group>"; };
		8E2E595B24F53E3D000F1A88 /* Info.plist */ = {isa = PBXFileReference; lastKnownFileType = text.plist.xml; path = Info.plist; sourceTree = "<group>"; };
		8E448FE924FA3D0F0099655C /* UpdateList.swift */ = {isa = PBXFileReference; lastKnownFileType = sourcecode.swift; path = UpdateList.swift; sourceTree = "<group>"; };
		8E448FEB24FA4D920099655C /* UpdateDetail.swift */ = {isa = PBXFileReference; lastKnownFileType = sourcecode.swift; path = UpdateDetail.swift; sourceTree = "<group>"; };
		8E448FED24FA550F0099655C /* UpdateStore.swift */ = {isa = PBXFileReference; lastKnownFileType = sourcecode.swift; path = UpdateStore.swift; sourceTree = "<group>"; };
		8E448FEF24FA5D370099655C /* TabBar.swift */ = {isa = PBXFileReference; lastKnownFileType = sourcecode.swift; path = TabBar.swift; sourceTree = "<group>"; };
		8E448FF124FA90740099655C /* RingView.swift */ = {isa = PBXFileReference; lastKnownFileType = sourcecode.swift; path = RingView.swift; sourceTree = "<group>"; };
		8E448FF324FAA3880099655C /* Modifiers.swift */ = {isa = PBXFileReference; lastKnownFileType = sourcecode.swift; path = Modifiers.swift; sourceTree = "<group>"; };
		8E448FF624FAA83A0099655C /* WorkSans-VariableFont_wght.ttf */ = {isa = PBXFileReference; lastKnownFileType = file; path = "WorkSans-VariableFont_wght.ttf"; sourceTree = "<group>"; };
		8E448FF824FAA83A0099655C /* WorkSans-Regular.ttf */ = {isa = PBXFileReference; lastKnownFileType = file; path = "WorkSans-Regular.ttf"; sourceTree = "<group>"; };
		8E448FF924FAA83A0099655C /* WorkSans-Light.ttf */ = {isa = PBXFileReference; lastKnownFileType = file; path = "WorkSans-Light.ttf"; sourceTree = "<group>"; };
		8E448FFA24FAA83A0099655C /* WorkSans-ExtraBold.ttf */ = {isa = PBXFileReference; lastKnownFileType = file; path = "WorkSans-ExtraBold.ttf"; sourceTree = "<group>"; };
		8E448FFB24FAA83A0099655C /* WorkSans-SemiBoldItalic.ttf */ = {isa = PBXFileReference; lastKnownFileType = file; path = "WorkSans-SemiBoldItalic.ttf"; sourceTree = "<group>"; };
		8E448FFC24FAA83A0099655C /* WorkSans-MediumItalic.ttf */ = {isa = PBXFileReference; lastKnownFileType = file; path = "WorkSans-MediumItalic.ttf"; sourceTree = "<group>"; };
		8E448FFD24FAA83A0099655C /* WorkSans-BoldItalic.ttf */ = {isa = PBXFileReference; lastKnownFileType = file; path = "WorkSans-BoldItalic.ttf"; sourceTree = "<group>"; };
		8E448FFE24FAA83A0099655C /* WorkSans-ExtraLight.ttf */ = {isa = PBXFileReference; lastKnownFileType = file; path = "WorkSans-ExtraLight.ttf"; sourceTree = "<group>"; };
		8E448FFF24FAA83A0099655C /* WorkSans-ThinItalic.ttf */ = {isa = PBXFileReference; lastKnownFileType = file; path = "WorkSans-ThinItalic.ttf"; sourceTree = "<group>"; };
		8E44900024FAA83A0099655C /* WorkSans-ExtraLightItalic.ttf */ = {isa = PBXFileReference; lastKnownFileType = file; path = "WorkSans-ExtraLightItalic.ttf"; sourceTree = "<group>"; };
		8E44900124FAA83A0099655C /* WorkSans-Medium.ttf */ = {isa = PBXFileReference; lastKnownFileType = file; path = "WorkSans-Medium.ttf"; sourceTree = "<group>"; };
		8E44900224FAA83A0099655C /* WorkSans-SemiBold.ttf */ = {isa = PBXFileReference; lastKnownFileType = file; path = "WorkSans-SemiBold.ttf"; sourceTree = "<group>"; };
		8E44900324FAA83A0099655C /* WorkSans-Italic.ttf */ = {isa = PBXFileReference; lastKnownFileType = file; path = "WorkSans-Italic.ttf"; sourceTree = "<group>"; };
		8E44900424FAA83A0099655C /* WorkSans-BlackItalic.ttf */ = {isa = PBXFileReference; lastKnownFileType = file; path = "WorkSans-BlackItalic.ttf"; sourceTree = "<group>"; };
		8E44900524FAA83A0099655C /* WorkSans-Thin.ttf */ = {isa = PBXFileReference; lastKnownFileType = file; path = "WorkSans-Thin.ttf"; sourceTree = "<group>"; };
		8E44900624FAA83A0099655C /* WorkSans-Black.ttf */ = {isa = PBXFileReference; lastKnownFileType = file; path = "WorkSans-Black.ttf"; sourceTree = "<group>"; };
		8E44900724FAA83A0099655C /* WorkSans-LightItalic.ttf */ = {isa = PBXFileReference; lastKnownFileType = file; path = "WorkSans-LightItalic.ttf"; sourceTree = "<group>"; };
		8E44900824FAA83A0099655C /* WorkSans-ExtraBoldItalic.ttf */ = {isa = PBXFileReference; lastKnownFileType = file; path = "WorkSans-ExtraBoldItalic.ttf"; sourceTree = "<group>"; };
		8E44900924FAA83A0099655C /* WorkSans-Bold.ttf */ = {isa = PBXFileReference; lastKnownFileType = file; path = "WorkSans-Bold.ttf"; sourceTree = "<group>"; };
		8E44900A24FAA83A0099655C /* WorkSans-Italic-VariableFont_wght.ttf */ = {isa = PBXFileReference; lastKnownFileType = file; path = "WorkSans-Italic-VariableFont_wght.ttf"; sourceTree = "<group>"; };
		8E44900B24FAA83A0099655C /* OFL.txt */ = {isa = PBXFileReference; fileEncoding = 4; lastKnownFileType = text; path = OFL.txt; sourceTree = "<group>"; };
		8E44900C24FAA83A0099655C /* README.txt */ = {isa = PBXFileReference; fileEncoding = 4; lastKnownFileType = text; path = README.txt; sourceTree = "<group>"; };
		8E44902324FB6C060099655C /* CourseList.swift */ = {isa = PBXFileReference; lastKnownFileType = sourcecode.swift; path = CourseList.swift; sourceTree = "<group>"; };
		8E44902524FB97EB0099655C /* CourseDetail.swift */ = {isa = PBXFileReference; lastKnownFileType = sourcecode.swift; path = CourseDetail.swift; sourceTree = "<group>"; };
		8E44902724FB9C250099655C /* Data.swift */ = {isa = PBXFileReference; lastKnownFileType = sourcecode.swift; path = Data.swift; sourceTree = "<group>"; };
		8E44902924FB9EC60099655C /* PostList.swift */ = {isa = PBXFileReference; lastKnownFileType = sourcecode.swift; path = PostList.swift; sourceTree = "<group>"; };
		8E44902B24FBA3FA0099655C /* DataStore.swift */ = {isa = PBXFileReference; lastKnownFileType = sourcecode.swift; path = DataStore.swift; sourceTree = "<group>"; };
		8E44903024FBBC7E0099655C /* CourseStore.swift */ = {isa = PBXFileReference; lastKnownFileType = sourcecode.swift; path = CourseStore.swift; sourceTree = "<group>"; };
		8E44903224FBD24E0099655C /* BlurView.swift */ = {isa = PBXFileReference; lastKnownFileType = sourcecode.swift; path = BlurView.swift; sourceTree = "<group>"; };
		8EF1604B24F7EA29004D48D4 /* Home.swift */ = {isa = PBXFileReference; lastKnownFileType = sourcecode.swift; path = Home.swift; sourceTree = "<group>"; };
		8EF1604D24F7FCB3004D48D4 /* HomeView.swift */ = {isa = PBXFileReference; lastKnownFileType = sourcecode.swift; path = HomeView.swift; sourceTree = "<group>"; };
/* End PBXFileReference section */

/* Begin PBXFrameworksBuildPhase section */
		8E2E594724F53E3C000F1A88 /* Frameworks */ = {
			isa = PBXFrameworksBuildPhase;
			buildActionMask = 2147483647;
			files = (
				8E44902F24FBAC270099655C /* Contentful in Frameworks */,
			);
			runOnlyForDeploymentPostprocessing = 0;
		};
/* End PBXFrameworksBuildPhase section */

/* Begin PBXGroup section */
		8E2E594124F53E3C000F1A88 = {
			isa = PBXGroup;
			children = (
				8E2E594C24F53E3C000F1A88 /* DesignCode */,
				8E2E594B24F53E3C000F1A88 /* Products */,
			);
			sourceTree = "<group>";
		};
		8E2E594B24F53E3C000F1A88 /* Products */ = {
			isa = PBXGroup;
			children = (
				8E2E594A24F53E3C000F1A88 /* DesignCode.app */,
			);
			name = Products;
			sourceTree = "<group>";
		};
		8E2E594C24F53E3C000F1A88 /* DesignCode */ = {
			isa = PBXGroup;
			children = (
				8E2E594D24F53E3C000F1A88 /* AppDelegate.swift */,
				8E2E594F24F53E3C000F1A88 /* SceneDelegate.swift */,
				8E2E595124F53E3C000F1A88 /* ContentView.swift */,
				8E448FF124FA90740099655C /* RingView.swift */,
				8E448FF324FAA3880099655C /* Modifiers.swift */,
				8EF1604B24F7EA29004D48D4 /* Home.swift */,
				8E44902324FB6C060099655C /* CourseList.swift */,
				8E44903024FBBC7E0099655C /* CourseStore.swift */,
				8E44902524FB97EB0099655C /* CourseDetail.swift */,
				8EF1604D24F7FCB3004D48D4 /* HomeView.swift */,
				8E26FC3C24F6AA5200AA9D0C /* MenuView.swift */,
				8E448FE924FA3D0F0099655C /* UpdateList.swift */,
				8E448FEB24FA4D920099655C /* UpdateDetail.swift */,
				8E448FED24FA550F0099655C /* UpdateStore.swift */,
				8E44902724FB9C250099655C /* Data.swift */,
				8E44902B24FBA3FA0099655C /* DataStore.swift */,
				8E44902924FB9EC60099655C /* PostList.swift */,
				8E448FEF24FA5D370099655C /* TabBar.swift */,
				8E44903224FBD24E0099655C /* BlurView.swift */,
				8E2E595324F53E3D000F1A88 /* Assets.xcassets */,
				8E448FF524FAA83A0099655C /* Work_Sans */,
				8E2E595824F53E3D000F1A88 /* LaunchScreen.storyboard */,
				8E2E595B24F53E3D000F1A88 /* Info.plist */,
				8E2E595524F53E3D000F1A88 /* Preview Content */,
			);
			path = DesignCode;
			sourceTree = "<group>";
		};
		8E2E595524F53E3D000F1A88 /* Preview Content */ = {
			isa = PBXGroup;
			children = (
				8E2E595624F53E3D000F1A88 /* Preview Assets.xcassets */,
			);
			path = "Preview Content";
			sourceTree = "<group>";
		};
		8E448FF524FAA83A0099655C /* Work_Sans */ = {
			isa = PBXGroup;
			children = (
				8E448FF624FAA83A0099655C /* WorkSans-VariableFont_wght.ttf */,
				8E448FF724FAA83A0099655C /* static */,
				8E44900A24FAA83A0099655C /* WorkSans-Italic-VariableFont_wght.ttf */,
				8E44900B24FAA83A0099655C /* OFL.txt */,
				8E44900C24FAA83A0099655C /* README.txt */,
			);
			path = Work_Sans;
			sourceTree = "<group>";
		};
		8E448FF724FAA83A0099655C /* static */ = {
			isa = PBXGroup;
			children = (
				8E448FF824FAA83A0099655C /* WorkSans-Regular.ttf */,
				8E448FF924FAA83A0099655C /* WorkSans-Light.ttf */,
				8E448FFA24FAA83A0099655C /* WorkSans-ExtraBold.ttf */,
				8E448FFB24FAA83A0099655C /* WorkSans-SemiBoldItalic.ttf */,
				8E448FFC24FAA83A0099655C /* WorkSans-MediumItalic.ttf */,
				8E448FFD24FAA83A0099655C /* WorkSans-BoldItalic.ttf */,
				8E448FFE24FAA83A0099655C /* WorkSans-ExtraLight.ttf */,
				8E448FFF24FAA83A0099655C /* WorkSans-ThinItalic.ttf */,
				8E44900024FAA83A0099655C /* WorkSans-ExtraLightItalic.ttf */,
				8E44900124FAA83A0099655C /* WorkSans-Medium.ttf */,
				8E44900224FAA83A0099655C /* WorkSans-SemiBold.ttf */,
				8E44900324FAA83A0099655C /* WorkSans-Italic.ttf */,
				8E44900424FAA83A0099655C /* WorkSans-BlackItalic.ttf */,
				8E44900524FAA83A0099655C /* WorkSans-Thin.ttf */,
				8E44900624FAA83A0099655C /* WorkSans-Black.ttf */,
				8E44900724FAA83A0099655C /* WorkSans-LightItalic.ttf */,
				8E44900824FAA83A0099655C /* WorkSans-ExtraBoldItalic.ttf */,
				8E44900924FAA83A0099655C /* WorkSans-Bold.ttf */,
			);
			path = static;
			sourceTree = "<group>";
		};
/* End PBXGroup section */

/* Begin PBXNativeTarget section */
		8E2E594924F53E3C000F1A88 /* DesignCode */ = {
			isa = PBXNativeTarget;
			buildConfigurationList = 8E2E595E24F53E3D000F1A88 /* Build configuration list for PBXNativeTarget "DesignCode" */;
			buildPhases = (
				8E2E594624F53E3C000F1A88 /* Sources */,
				8E2E594724F53E3C000F1A88 /* Frameworks */,
				8E2E594824F53E3C000F1A88 /* Resources */,
			);
			buildRules = (
			);
			dependencies = (
			);
			name = DesignCode;
			packageProductDependencies = (
				8E44902E24FBAC270099655C /* Contentful */,
			);
			productName = DesignCode;
			productReference = 8E2E594A24F53E3C000F1A88 /* DesignCode.app */;
			productType = "com.apple.product-type.application";
		};
/* End PBXNativeTarget section */

/* Begin PBXProject section */
		8E2E594224F53E3C000F1A88 /* Project object */ = {
			isa = PBXProject;
			attributes = {
				LastSwiftUpdateCheck = 1160;
				LastUpgradeCheck = 1160;
				ORGANIZATIONNAME = xiaodongzhu;
				TargetAttributes = {
					8E2E594924F53E3C000F1A88 = {
						CreatedOnToolsVersion = 11.6;
					};
				};
			};
			buildConfigurationList = 8E2E594524F53E3C000F1A88 /* Build configuration list for PBXProject "DesignCode" */;
			compatibilityVersion = "Xcode 9.3";
			developmentRegion = en;
			hasScannedForEncodings = 0;
			knownRegions = (
				en,
				Base,
			);
			mainGroup = 8E2E594124F53E3C000F1A88;
			packageReferences = (
				8E44902D24FBAC270099655C /* XCRemoteSwiftPackageReference "contentful.swift" */,
			);
			productRefGroup = 8E2E594B24F53E3C000F1A88 /* Products */;
			projectDirPath = "";
			projectRoot = "";
			targets = (
				8E2E594924F53E3C000F1A88 /* DesignCode */,
			);
		};
/* End PBXProject section */

/* Begin PBXResourcesBuildPhase section */
		8E2E594824F53E3C000F1A88 /* Resources */ = {
			isa = PBXResourcesBuildPhase;
			buildActionMask = 2147483647;
			files = (
				8E44901824FAA83A0099655C /* WorkSans-SemiBold.ttf in Resources */,
				8E2E595A24F53E3D000F1A88 /* LaunchScreen.storyboard in Resources */,
				8E44901C24FAA83A0099655C /* WorkSans-Black.ttf in Resources */,
				8E44901224FAA83A0099655C /* WorkSans-MediumItalic.ttf in Resources */,
				8E44901B24FAA83A0099655C /* WorkSans-Thin.ttf in Resources */,
				8E44901124FAA83A0099655C /* WorkSans-SemiBoldItalic.ttf in Resources */,
				8E44902124FAA83A0099655C /* OFL.txt in Resources */,
				8E44901324FAA83A0099655C /* WorkSans-BoldItalic.ttf in Resources */,
				8E44901F24FAA83A0099655C /* WorkSans-Bold.ttf in Resources */,
				8E44900F24FAA83A0099655C /* WorkSans-Light.ttf in Resources */,
				8E44901A24FAA83A0099655C /* WorkSans-BlackItalic.ttf in Resources */,
				8E44901E24FAA83A0099655C /* WorkSans-ExtraBoldItalic.ttf in Resources */,
				8E44901724FAA83A0099655C /* WorkSans-Medium.ttf in Resources */,
				8E44901524FAA83A0099655C /* WorkSans-ThinItalic.ttf in Resources */,
				8E44902224FAA83A0099655C /* README.txt in Resources */,
				8E44901424FAA83A0099655C /* WorkSans-ExtraLight.ttf in Resources */,
				8E44901024FAA83A0099655C /* WorkSans-ExtraBold.ttf in Resources */,
				8E44901924FAA83A0099655C /* WorkSans-Italic.ttf in Resources */,
				8E44902024FAA83A0099655C /* WorkSans-Italic-VariableFont_wght.ttf in Resources */,
				8E44900D24FAA83A0099655C /* WorkSans-VariableFont_wght.ttf in Resources */,
				8E44901624FAA83A0099655C /* WorkSans-ExtraLightItalic.ttf in Resources */,
				8E2E595724F53E3D000F1A88 /* Preview Assets.xcassets in Resources */,
				8E2E595424F53E3D000F1A88 /* Assets.xcassets in Resources */,
				8E44900E24FAA83A0099655C /* WorkSans-Regular.ttf in Resources */,
				8E44901D24FAA83A0099655C /* WorkSans-LightItalic.ttf in Resources */,
			);
			runOnlyForDeploymentPostprocessing = 0;
		};
/* End PBXResourcesBuildPhase section */

/* Begin PBXSourcesBuildPhase section */
		8E2E594624F53E3C000F1A88 /* Sources */ = {
			isa = PBXSourcesBuildPhase;
			buildActionMask = 2147483647;
			files = (
				8E44903124FBBC7E0099655C /* CourseStore.swift in Sources */,
				8E2E594E24F53E3C000F1A88 /* AppDelegate.swift in Sources */,
				8E44902824FB9C250099655C /* Data.swift in Sources */,
				8E44902C24FBA3FA0099655C /* DataStore.swift in Sources */,
				8E448FEE24FA550F0099655C /* UpdateStore.swift in Sources */,
				8E448FEA24FA3D0F0099655C /* UpdateList.swift in Sources */,
				8E26FC3D24F6AA5200AA9D0C /* MenuView.swift in Sources */,
				8E448FF424FAA3880099655C /* Modifiers.swift in Sources */,
				8E448FEC24FA4D920099655C /* UpdateDetail.swift in Sources */,
				8E448FF224FA90740099655C /* RingView.swift in Sources */,
				8EF1604C24F7EA29004D48D4 /* Home.swift in Sources */,
				8EF1604E24F7FCB3004D48D4 /* HomeView.swift in Sources */,
				8E2E595024F53E3C000F1A88 /* SceneDelegate.swift in Sources */,
				8E44902A24FB9EC60099655C /* PostList.swift in Sources */,
				8E2E595224F53E3C000F1A88 /* ContentView.swift in Sources */,
				8E44902624FB97EB0099655C /* CourseDetail.swift in Sources */,
				8E44903324FBD24E0099655C /* BlurView.swift in Sources */,
				8E448FF024FA5D370099655C /* TabBar.swift in Sources */,
				8E44902424FB6C060099655C /* CourseList.swift in Sources */,
			);
			runOnlyForDeploymentPostprocessing = 0;
		};
/* End PBXSourcesBuildPhase section */

/* Begin PBXVariantGroup section */
		8E2E595824F53E3D000F1A88 /* LaunchScreen.storyboard */ = {
			isa = PBXVariantGroup;
			children = (
				8E2E595924F53E3D000F1A88 /* Base */,
			);
			name = LaunchScreen.storyboard;
			sourceTree = "<group>";
		};
/* End PBXVariantGroup section */

/* Begin XCBuildConfiguration section */
		8E2E595C24F53E3D000F1A88 /* Debug */ = {
			isa = XCBuildConfiguration;
			buildSettings = {
				ALWAYS_SEARCH_USER_PATHS = NO;
				CLANG_ANALYZER_NONNULL = YES;
				CLANG_ANALYZER_NUMBER_OBJECT_CONVERSION = YES_AGGRESSIVE;
				CLANG_CXX_LANGUAGE_STANDARD = "gnu++14";
				CLANG_CXX_LIBRARY = "libc++";
				CLANG_ENABLE_MODULES = YES;
				CLANG_ENABLE_OBJC_ARC = YES;
				CLANG_ENABLE_OBJC_WEAK = YES;
				CLANG_WARN_BLOCK_CAPTURE_AUTORELEASING = YES;
				CLANG_WARN_BOOL_CONVERSION = YES;
				CLANG_WARN_COMMA = YES;
				CLANG_WARN_CONSTANT_CONVERSION = YES;
				CLANG_WARN_DEPRECATED_OBJC_IMPLEMENTATIONS = YES;
				CLANG_WARN_DIRECT_OBJC_ISA_USAGE = YES_ERROR;
				CLANG_WARN_DOCUMENTATION_COMMENTS = YES;
				CLANG_WARN_EMPTY_BODY = YES;
				CLANG_WARN_ENUM_CONVERSION = YES;
				CLANG_WARN_INFINITE_RECURSION = YES;
				CLANG_WARN_INT_CONVERSION = YES;
				CLANG_WARN_NON_LITERAL_NULL_CONVERSION = YES;
				CLANG_WARN_OBJC_IMPLICIT_RETAIN_SELF = YES;
				CLANG_WARN_OBJC_LITERAL_CONVERSION = YES;
				CLANG_WARN_OBJC_ROOT_CLASS = YES_ERROR;
				CLANG_WARN_RANGE_LOOP_ANALYSIS = YES;
				CLANG_WARN_STRICT_PROTOTYPES = YES;
				CLANG_WARN_SUSPICIOUS_MOVE = YES;
				CLANG_WARN_UNGUARDED_AVAILABILITY = YES_AGGRESSIVE;
				CLANG_WARN_UNREACHABLE_CODE = YES;
				CLANG_WARN__DUPLICATE_METHOD_MATCH = YES;
				COPY_PHASE_STRIP = NO;
				DEBUG_INFORMATION_FORMAT = dwarf;
				ENABLE_STRICT_OBJC_MSGSEND = YES;
				ENABLE_TESTABILITY = YES;
				GCC_C_LANGUAGE_STANDARD = gnu11;
				GCC_DYNAMIC_NO_PIC = NO;
				GCC_NO_COMMON_BLOCKS = YES;
				GCC_OPTIMIZATION_LEVEL = 0;
				GCC_PREPROCESSOR_DEFINITIONS = (
					"DEBUG=1",
					"$(inherited)",
				);
				GCC_WARN_64_TO_32_BIT_CONVERSION = YES;
				GCC_WARN_ABOUT_RETURN_TYPE = YES_ERROR;
				GCC_WARN_UNDECLARED_SELECTOR = YES;
				GCC_WARN_UNINITIALIZED_AUTOS = YES_AGGRESSIVE;
				GCC_WARN_UNUSED_FUNCTION = YES;
				GCC_WARN_UNUSED_VARIABLE = YES;
				IPHONEOS_DEPLOYMENT_TARGET = 13.6;
				MTL_ENABLE_DEBUG_INFO = INCLUDE_SOURCE;
				MTL_FAST_MATH = YES;
				ONLY_ACTIVE_ARCH = YES;
				SDKROOT = iphoneos;
				SWIFT_ACTIVE_COMPILATION_CONDITIONS = DEBUG;
				SWIFT_OPTIMIZATION_LEVEL = "-Onone";
			};
			name = Debug;
		};
		8E2E595D24F53E3D000F1A88 /* Release */ = {
			isa = XCBuildConfiguration;
			buildSettings = {
				ALWAYS_SEARCH_USER_PATHS = NO;
				CLANG_ANALYZER_NONNULL = YES;
				CLANG_ANALYZER_NUMBER_OBJECT_CONVERSION = YES_AGGRESSIVE;
				CLANG_CXX_LANGUAGE_STANDARD = "gnu++14";
				CLANG_CXX_LIBRARY = "libc++";
				CLANG_ENABLE_MODULES = YES;
				CLANG_ENABLE_OBJC_ARC = YES;
				CLANG_ENABLE_OBJC_WEAK = YES;
				CLANG_WARN_BLOCK_CAPTURE_AUTORELEASING = YES;
				CLANG_WARN_BOOL_CONVERSION = YES;
				CLANG_WARN_COMMA = YES;
				CLANG_WARN_CONSTANT_CONVERSION = YES;
				CLANG_WARN_DEPRECATED_OBJC_IMPLEMENTATIONS = YES;
				CLANG_WARN_DIRECT_OBJC_ISA_USAGE = YES_ERROR;
				CLANG_WARN_DOCUMENTATION_COMMENTS = YES;
				CLANG_WARN_EMPTY_BODY = YES;
				CLANG_WARN_ENUM_CONVERSION = YES;
				CLANG_WARN_INFINITE_RECURSION = YES;
				CLANG_WARN_INT_CONVERSION = YES;
				CLANG_WARN_NON_LITERAL_NULL_CONVERSION = YES;
				CLANG_WARN_OBJC_IMPLICIT_RETAIN_SELF = YES;
				CLANG_WARN_OBJC_LITERAL_CONVERSION = YES;
				CLANG_WARN_OBJC_ROOT_CLASS = YES_ERROR;
				CLANG_WARN_RANGE_LOOP_ANALYSIS = YES;
				CLANG_WARN_STRICT_PROTOTYPES = YES;
				CLANG_WARN_SUSPICIOUS_MOVE = YES;
				CLANG_WARN_UNGUARDED_AVAILABILITY = YES_AGGRESSIVE;
				CLANG_WARN_UNREACHABLE_CODE = YES;
				CLANG_WARN__DUPLICATE_METHOD_MATCH = YES;
				COPY_PHASE_STRIP = NO;
				DEBUG_INFORMATION_FORMAT = "dwarf-with-dsym";
				ENABLE_NS_ASSERTIONS = NO;
				ENABLE_STRICT_OBJC_MSGSEND = YES;
				GCC_C_LANGUAGE_STANDARD = gnu11;
				GCC_NO_COMMON_BLOCKS = YES;
				GCC_WARN_64_TO_32_BIT_CONVERSION = YES;
				GCC_WARN_ABOUT_RETURN_TYPE = YES_ERROR;
				GCC_WARN_UNDECLARED_SELECTOR = YES;
				GCC_WARN_UNINITIALIZED_AUTOS = YES_AGGRESSIVE;
				GCC_WARN_UNUSED_FUNCTION = YES;
				GCC_WARN_UNUSED_VARIABLE = YES;
				IPHONEOS_DEPLOYMENT_TARGET = 13.6;
				MTL_ENABLE_DEBUG_INFO = NO;
				MTL_FAST_MATH = YES;
				SDKROOT = iphoneos;
				SWIFT_COMPILATION_MODE = wholemodule;
				SWIFT_OPTIMIZATION_LEVEL = "-O";
				VALIDATE_PRODUCT = YES;
			};
			name = Release;
		};
		8E2E595F24F53E3D000F1A88 /* Debug */ = {
			isa = XCBuildConfiguration;
			buildSettings = {
				ASSETCATALOG_COMPILER_APPICON_NAME = AppIcon;
				CODE_SIGN_STYLE = Automatic;
				DEVELOPMENT_ASSET_PATHS = "\"DesignCode/Preview Content\"";
				DEVELOPMENT_TEAM = 739XLBM943;
				ENABLE_PREVIEWS = YES;
				INFOPLIST_FILE = DesignCode/Info.plist;
				LD_RUNPATH_SEARCH_PATHS = (
					"$(inherited)",
					"@executable_path/Frameworks",
				);
				PRODUCT_BUNDLE_IDENTIFIER = xiaodongzhu.DesignCode;
				PRODUCT_NAME = "$(TARGET_NAME)";
				SWIFT_VERSION = 5.0;
				TARGETED_DEVICE_FAMILY = "1,2";
			};
			name = Debug;
		};
		8E2E596024F53E3D000F1A88 /* Release */ = {
			isa = XCBuildConfiguration;
			buildSettings = {
				ASSETCATALOG_COMPILER_APPICON_NAME = AppIcon;
				CODE_SIGN_STYLE = Automatic;
				DEVELOPMENT_ASSET_PATHS = "\"DesignCode/Preview Content\"";
				DEVELOPMENT_TEAM = 739XLBM943;
				ENABLE_PREVIEWS = YES;
				INFOPLIST_FILE = DesignCode/Info.plist;
				LD_RUNPATH_SEARCH_PATHS = (
					"$(inherited)",
					"@executable_path/Frameworks",
				);
				PRODUCT_BUNDLE_IDENTIFIER = xiaodongzhu.DesignCode;
				PRODUCT_NAME = "$(TARGET_NAME)";
				SWIFT_VERSION = 5.0;
				TARGETED_DEVICE_FAMILY = "1,2";
			};
			name = Release;
		};
/* End XCBuildConfiguration section */

/* Begin XCConfigurationList section */
		8E2E594524F53E3C000F1A88 /* Build configuration list for PBXProject "DesignCode" */ = {
			isa = XCConfigurationList;
			buildConfigurations = (
				8E2E595C24F53E3D000F1A88 /* Debug */,
				8E2E595D24F53E3D000F1A88 /* Release */,
			);
			defaultConfigurationIsVisible = 0;
			defaultConfigurationName = Release;
		};
		8E2E595E24F53E3D000F1A88 /* Build configuration list for PBXNativeTarget "DesignCode" */ = {
			isa = XCConfigurationList;
			buildConfigurations = (
				8E2E595F24F53E3D000F1A88 /* Debug */,
				8E2E596024F53E3D000F1A88 /* Release */,
			);
			defaultConfigurationIsVisible = 0;
			defaultConfigurationName = Release;
		};
/* End XCConfigurationList section */

/* Begin XCRemoteSwiftPackageReference section */
		8E44902D24FBAC270099655C /* XCRemoteSwiftPackageReference "contentful.swift" */ = {
			isa = XCRemoteSwiftPackageReference;
			repositoryURL = "https://github.com/contentful/contentful.swift.git";
			requirement = {
				kind = upToNextMajorVersion;
				minimumVersion = 5.2.0;
			};
		};
/* End XCRemoteSwiftPackageReference section */

/* Begin XCSwiftPackageProductDependency section */
		8E44902E24FBAC270099655C /* Contentful */ = {
			isa = XCSwiftPackageProductDependency;
			package = 8E44902D24FBAC270099655C /* XCRemoteSwiftPackageReference "contentful.swift" */;
			productName = Contentful;
		};
/* End XCSwiftPackageProductDependency section */
	};
	rootObject = 8E2E594224F53E3C000F1A88 /* Project object */;
}
